
Microsoft Visual Studio Solution File, Format Version 12.00
# Visual Studio Version 17
VisualStudioVersion = 17.7.34202.233
MinimumVisualStudioVersion = 10.0.40219.1
Project("{FAE04EC0-301F-11D3-BF4B-00C04F79EFBC}") = "SnapScoreBotV2", "SnapScoreBotV2\SnapScoreBotV2.csproj", "{0BA1FF06-2463-4A3E-B5C0-E226992BA29C}"
EndProject
Global
	GlobalSection(SolutionConfigurationPlatforms) = preSolution
		Debug|Any CPU = Debug|Any CPU
		Release|Any CPU = Release|Any CPU
	EndGlobalSection
	GlobalSection(ProjectConfigurationPlatforms) = postSolution
		{0BA1FF06-2463-4A3E-B5C0-E226992BA29C}.Debug|Any CPU.ActiveCfg = Debug|Any CPU
		{0BA1FF06-2463-4A3E-B5C0-E226992BA29C}.Debug|Any CPU.Build.0 = Debug|Any CPU
		{0BA1FF06-2463-4A3E-B5C0-E226992BA29C}.Release|Any CPU.ActiveCfg = Release|Any CPU
		{0BA1FF06-2463-4A3E-B5C0-E226992BA29C}.Release|Any CPU.Build.0 = Release|Any CPU
	EndGlobalSection
	GlobalSection(SolutionProperties) = preSolution
		HideSolutionNode = FALSE
	EndGlobalSection
	GlobalSection(ExtensibilityGlobals) = postSolution
		SolutionGuid = {C0632795-902D-4635-B260-F9E0A9256B40}
	EndGlobalSection
EndGlobal
